
Microsoft Visual Studio Solution File, Format Version 12.00
Project("{FAE04EC0-301F-11D3-BF4B-00C04F79EFBC}") = "Swaggie.Swashbuckle", "Swaggie.Swashbuckle.csproj", "{5125B957-B553-44AF-821B-0E044DE3ECB1}"
EndProject
Global
	GlobalSection(SolutionConfigurationPlatforms) = preSolution
		Debug|Any CPU = Debug|Any CPU
		Release|Any CPU = Release|Any CPU
	EndGlobalSection
	GlobalSection(ProjectConfigurationPlatforms) = postSolution
		{5125B957-B553-44AF-821B-0E044DE3ECB1}.Debug|Any CPU.ActiveCfg = Debug|Any CPU
		{5125B957-B553-44AF-821B-0E044DE3ECB1}.Debug|Any CPU.Build.0 = Debug|Any CPU
		{5125B957-B553-44AF-821B-0E044DE3ECB1}.Release|Any CPU.ActiveCfg = Release|Any CPU
		{5125B957-B553-44AF-821B-0E044DE3ECB1}.Release|Any CPU.Build.0 = Release|Any CPU
	EndGlobalSection
EndGlobal
